
Microsoft Visual Studio Solution File, Format Version 12.00
# Visual Studio Version 16
VisualStudioVersion = 16.0.30002.166
MinimumVisualStudioVersion = 10.0.40219.1
Project("{FAE04EC0-301F-11D3-BF4B-00C04F79EFBC}") = "DremDOS", "DremDOS\DremDOS.csproj", "{C0559BB7-467D-4E29-BBDE-CD3C1D8C7C6B}"
EndProject
Global
	GlobalSection(SolutionConfigurationPlatforms) = preSolution
		Debug|Any CPU = Debug|Any CPU
		Release|Any CPU = Release|Any CPU
	EndGlobalSection
	GlobalSection(ProjectConfigurationPlatforms) = postSolution
		{C0559BB7-467D-4E29-BBDE-CD3C1D8C7C6B}.Debug|Any CPU.ActiveCfg = Debug|Any CPU
		{C0559BB7-467D-4E29-BBDE-CD3C1D8C7C6B}.Debug|Any CPU.Build.0 = Debug|Any CPU
		{C0559BB7-467D-4E29-BBDE-CD3C1D8C7C6B}.Release|Any CPU.ActiveCfg = Release|Any CPU
		{C0559BB7-467D-4E29-BBDE-CD3C1D8C7C6B}.Release|Any CPU.Build.0 = Release|Any CPU
	EndGlobalSection
	GlobalSection(SolutionProperties) = preSolution
		HideSolutionNode = FALSE
	EndGlobalSection
	GlobalSection(ExtensibilityGlobals) = postSolution
		SolutionGuid = {10CE9B80-D9E6-4001-A558-B142618905ED}
	EndGlobalSection
EndGlobal
